
Microsoft Visual Studio Solution File, Format Version 12.00
Project("{FAE04EC0-301F-11D3-BF4B-00C04F79EFBC}") = "BookManagementWebApplication", "BookManagementWebApplication\BookManagementWebApplication.csproj", "{D0CF0922-5B68-4A99-A42B-9587111E735D}"
EndProject
Project("{FAE04EC0-301F-11D3-BF4B-00C04F79EFBC}") = "BookManagementTests", "BookManagementTests\BookManagementTests.csproj", "{71D86853-8C18-4611-8D6B-90CB2B9A4C7C}"
EndProject
Global
	GlobalSection(SolutionConfigurationPlatforms) = preSolution
		Debug|Any CPU = Debug|Any CPU
		Release|Any CPU = Release|Any CPU
	EndGlobalSection
	GlobalSection(ProjectConfigurationPlatforms) = postSolution
		{D0CF0922-5B68-4A99-A42B-9587111E735D}.Debug|Any CPU.ActiveCfg = Debug|Any CPU
		{D0CF0922-5B68-4A99-A42B-9587111E735D}.Debug|Any CPU.Build.0 = Debug|Any CPU
		{D0CF0922-5B68-4A99-A42B-9587111E735D}.Release|Any CPU.ActiveCfg = Release|Any CPU
		{D0CF0922-5B68-4A99-A42B-9587111E735D}.Release|Any CPU.Build.0 = Release|Any CPU
		{71D86853-8C18-4611-8D6B-90CB2B9A4C7C}.Debug|Any CPU.ActiveCfg = Debug|Any CPU
		{71D86853-8C18-4611-8D6B-90CB2B9A4C7C}.Debug|Any CPU.Build.0 = Debug|Any CPU
		{71D86853-8C18-4611-8D6B-90CB2B9A4C7C}.Release|Any CPU.ActiveCfg = Release|Any CPU
		{71D86853-8C18-4611-8D6B-90CB2B9A4C7C}.Release|Any CPU.Build.0 = Release|Any CPU
	EndGlobalSection
EndGlobal
